<?xml version="1.0" encoding="UTF-8"?>
<Project ToolsVersion="14.0" xmlns="http://schemas.microsoft.com/developer/msbuild/2003">
  <ItemGroup>
    <ClCompile Include="C:\Users\brudervn\tfs\Repos\TRRojan\trrojancl\src\dat_raw_reader.cpp">
      <Filter>Source Files</Filter>
    </ClCompile>
    <ClCompile Include="C:\Users\brudervn\tfs\Repos\TRRojan\trrojancl\src\device.cpp">
      <Filter>Source Files</Filter>
    </ClCompile>
    <ClCompile Include="C:\Users\brudervn\tfs\Repos\TRRojan\trrojancl\src\environment.cpp">
      <Filter>Source Files</Filter>
    </ClCompile>
    <ClCompile Include="C:\Users\brudervn\tfs\Repos\TRRojan\trrojancl\src\plugin.cpp">
      <Filter>Source Files</Filter>
    </ClCompile>
    <ClCompile Include="C:\Users\brudervn\tfs\Repos\TRRojan\trrojancl\src\volume_raycast_benchmark.cpp">
      <Filter>Source Files</Filter>
    </ClCompile>
  </ItemGroup>
  <ItemGroup>
    <ClInclude Include="C:\Users\brudervn\tfs\Repos\TRRojan\trrojancl\include\trrojan\opencl\dat_raw_reader.h">
      <Filter>Header Files</Filter>
    </ClInclude>
    <ClInclude Include="C:\Users\brudervn\tfs\Repos\TRRojan\trrojancl\include\trrojan\opencl\device.h">
      <Filter>Header Files</Filter>
    </ClInclude>
    <ClInclude Include="C:\Users\brudervn\tfs\Repos\TRRojan\trrojancl\include\trrojan\opencl\environment.h">
      <Filter>Header Files</Filter>
    </ClInclude>
    <ClInclude Include="C:\Users\brudervn\tfs\Repos\TRRojan\trrojancl\include\trrojan\opencl\export.h">
      <Filter>Header Files</Filter>
    </ClInclude>
    <ClInclude Include="C:\Users\brudervn\tfs\Repos\TRRojan\trrojancl\include\trrojan\opencl\plugin.h">
      <Filter>Header Files</Filter>
    </ClInclude>
    <ClInclude Include="C:\Users\brudervn\tfs\Repos\TRRojan\trrojancl\include\trrojan\opencl\scalar_type.h">
      <Filter>Header Files</Filter>
    </ClInclude>
    <ClInclude Include="C:\Users\brudervn\tfs\Repos\TRRojan\trrojancl\include\trrojan\opencl\util.h">
      <Filter>Header Files</Filter>
    </ClInclude>
    <ClInclude Include="C:\Users\brudervn\tfs\Repos\TRRojan\trrojancl\include\trrojan\opencl\volume_raycast_benchmark.h">
      <Filter>Header Files</Filter>
    </ClInclude>
    <ClInclude Include="C:\Users\brudervn\tfs\Repos\TRRojan\trrojancl\include\CL\cl.hpp">
      <Filter>Header Files</Filter>
    </ClInclude>
    <ClInclude Include="C:\Users\brudervn\tfs\Repos\TRRojan\trrojancl\include\CL\cl2.hpp">
      <Filter>Header Files</Filter>
    </ClInclude>
  </ItemGroup>
  <ItemGroup>
    <CustomBuild Include="C:\Users\brudervn\tfs\Repos\TRRojan\trrojancl\CMakeLists.txt" />
  </ItemGroup>
  <ItemGroup>
    <Filter Include="Source Files">
      <UniqueIdentifier>{8CC32C77-1F64-3E36-A423-97308EEE74F9}</UniqueIdentifier>
    </Filter>
    <Filter Include="Header Files">
      <UniqueIdentifier>{8989C17A-6DCE-31EF-A684-42311869A1EA}</UniqueIdentifier>
    </Filter>
  </ItemGroup>
</Project>
