<?xml version="1.0" encoding="UTF-8"?>
<Project ToolsVersion="14.0" xmlns="http://schemas.microsoft.com/developer/msbuild/2003">
  <ItemGroup>
    <ClCompile Include="C:\Users\brudervn\tfs\Repos\TRRojan\trrojanstream\src\plugin.cpp">
      <Filter>Source Files</Filter>
    </ClCompile>
    <ClCompile Include="C:\Users\brudervn\tfs\Repos\TRRojan\trrojanstream\src\problem.cpp">
      <Filter>Source Files</Filter>
    </ClCompile>
    <ClCompile Include="C:\Users\brudervn\tfs\Repos\TRRojan\trrojanstream\src\stream_benchmark.cpp">
      <Filter>Source Files</Filter>
    </ClCompile>
    <ClCompile Include="C:\Users\brudervn\tfs\Repos\TRRojan\trrojanstream\src\worker_thread.cpp">
      <Filter>Source Files</Filter>
    </ClCompile>
  </ItemGroup>
  <ItemGroup>
    <ClInclude Include="C:\Users\brudervn\tfs\Repos\TRRojan\trrojanstream\include\trrojan\stream\access_pattern.h">
      <Filter>Header Files</Filter>
    </ClInclude>
    <ClInclude Include="C:\Users\brudervn\tfs\Repos\TRRojan\trrojanstream\include\trrojan\stream\export.h">
      <Filter>Header Files</Filter>
    </ClInclude>
    <ClInclude Include="C:\Users\brudervn\tfs\Repos\TRRojan\trrojanstream\include\trrojan\stream\plugin.h">
      <Filter>Header Files</Filter>
    </ClInclude>
    <ClInclude Include="C:\Users\brudervn\tfs\Repos\TRRojan\trrojanstream\include\trrojan\stream\problem.h">
      <Filter>Header Files</Filter>
    </ClInclude>
    <ClInclude Include="C:\Users\brudervn\tfs\Repos\TRRojan\trrojanstream\include\trrojan\stream\scalar_type.h">
      <Filter>Header Files</Filter>
    </ClInclude>
    <ClInclude Include="C:\Users\brudervn\tfs\Repos\TRRojan\trrojanstream\include\trrojan\stream\stream_benchmark.h">
      <Filter>Header Files</Filter>
    </ClInclude>
    <ClInclude Include="C:\Users\brudervn\tfs\Repos\TRRojan\trrojanstream\include\trrojan\stream\task_type.h">
      <Filter>Header Files</Filter>
    </ClInclude>
    <ClInclude Include="C:\Users\brudervn\tfs\Repos\TRRojan\trrojanstream\include\trrojan\stream\worker_thread.h">
      <Filter>Header Files</Filter>
    </ClInclude>
    <ClInclude Include="C:\Users\brudervn\tfs\Repos\TRRojan\trrojanstream\include\trrojan\stream\problem.inl">
      <Filter>Header Files</Filter>
    </ClInclude>
    <ClInclude Include="C:\Users\brudervn\tfs\Repos\TRRojan\trrojanstream\include\trrojan\stream\stream_benchmark.inl">
      <Filter>Header Files</Filter>
    </ClInclude>
    <ClInclude Include="C:\Users\brudervn\tfs\Repos\TRRojan\trrojanstream\include\trrojan\stream\worker_thread.inl">
      <Filter>Header Files</Filter>
    </ClInclude>
  </ItemGroup>
  <ItemGroup>
    <CustomBuild Include="C:\Users\brudervn\tfs\Repos\TRRojan\trrojanstream\CMakeLists.txt" />
  </ItemGroup>
  <ItemGroup>
    <Filter Include="Source Files">
      <UniqueIdentifier>{8CC32C77-1F64-3E36-A423-97308EEE74F9}</UniqueIdentifier>
    </Filter>
    <Filter Include="Header Files">
      <UniqueIdentifier>{8989C17A-6DCE-31EF-A684-42311869A1EA}</UniqueIdentifier>
    </Filter>
  </ItemGroup>
</Project>
